// !$*UTF8*$!
{
	archiveVersion = 1;
	classes = {
	};
	objectVersion = 48;
	objects = {

/* Begin PBXBuildFile section */
		2036112320582CBC0096F44A /* AppDelegate.swift in Sources */ = {isa = PBXBuildFile; fileRef = 2036112220582CBC0096F44A /* AppDelegate.swift */; };
		2036112520582CBC0096F44A /* ViewController.swift in Sources */ = {isa = PBXBuildFile; fileRef = 2036112420582CBC0096F44A /* ViewController.swift */; };
		2036112820582CBC0096F44A /* Main.storyboard in Resources */ = {isa = PBXBuildFile; fileRef = 2036112620582CBC0096F44A /* Main.storyboard */; };
		2036112A20582CBC0096F44A /* Assets.xcassets in Resources */ = {isa = PBXBuildFile; fileRef = 2036112920582CBC0096F44A /* Assets.xcassets */; };
		2036112D20582CBC0096F44A /* LaunchScreen.storyboard in Resources */ = {isa = PBXBuildFile; fileRef = 2036112B20582CBC0096F44A /* LaunchScreen.storyboard */; };
		20361139205845B40096F44A /* lottieSample.json in Resources */ = {isa = PBXBuildFile; fileRef = 20361138205845B40096F44A /* lottieSample.json */; };
		941980EEA775AAA456166C16 /* Pods_LottieTutorial.framework in Frameworks */ = {isa = PBXBuildFile; fileRef = BFEFD9087B95325085AF86FC /* Pods_LottieTutorial.framework */; };
/* End PBXBuildFile section */

/* Begin PBXFileReference section */
		2036111F20582CBC0096F44A /* LottieTutorial.app */ = {isa = PBXFileReference; explicitFileType = wrapper.application; includeInIndex = 0; path = LottieTutorial.app; sourceTree = BUILT_PRODUCTS_DIR; };
		2036112220582CBC0096F44A /* AppDelegate.swift */ = {isa = PBXFileReference; lastKnownFileType = sourcecode.swift; path = AppDelegate.swift; sourceTree = "<group>"; };
		2036112420582CBC0096F44A /* ViewController.swift */ = {isa = PBXFileReference; lastKnownFileType = sourcecode.swift; path = ViewController.swift; sourceTree = "<group>"; };
		2036112720582CBC0096F44A /* Base */ = {isa = PBXFileReference; lastKnownFileType = file.storyboard; name = Base; path = Base.lproj/Main.storyboard; sourceTree = "<group>"; };
		2036112920582CBC0096F44A /* Assets.xcassets */ = {isa = PBXFileReference; lastKnownFileType = folder.assetcatalog; path = Assets.xcassets; sourceTree = "<group>"; };
		2036112C20582CBC0096F44A /* Base */ = {isa = PBXFileReference; lastKnownFileType = file.storyboard; name = Base; path = Base.lproj/LaunchScreen.storyboard; sourceTree = "<group>"; };
		2036112E20582CBC0096F44A /* Info.plist */ = {isa = PBXFileReference; lastKnownFileType = text.plist.xml; path = Info.plist; sourceTree = "<group>"; };
		20361138205845B40096F44A /* lottieSample.json */ = {isa = PBXFileReference; fileEncoding = 4; lastKnownFileType = text.json; path = lottieSample.json; sourceTree = "<group>"; };
		A509F75517179B7B7D052141 /* Pods-LottieTutorial.release.xcconfig */ = {isa = PBXFileReference; includeInIndex = 1; lastKnownFileType = text.xcconfig; name = "Pods-LottieTutorial.release.xcconfig"; path = "Pods/Target Support Files/Pods-LottieTutorial/Pods-LottieTutorial.release.xcconfig"; sourceTree = "<group>"; };
		BFEFD9087B95325085AF86FC /* Pods_LottieTutorial.framework */ = {isa = PBXFileReference; explicitFileType = wrapper.framework; includeInIndex = 0; path = Pods_LottieTutorial.framework; sourceTree = BUILT_PRODUCTS_DIR; };
		FAEC09ABF3C701BBA43F4C20 /* Pods-LottieTutorial.debug.xcconfig */ = {isa = PBXFileReference; includeInIndex = 1; lastKnownFileType = text.xcconfig; name = "Pods-LottieTutorial.debug.xcconfig"; path = "Pods/Target Support Files/Pods-LottieTutorial/Pods-LottieTutorial.debug.xcconfig"; sourceTree = "<group>"; };
/* End PBXFileReference section */

/* Begin PBXFrameworksBuildPhase section */
		2036111C20582CBC0096F44A /* Frameworks */ = {
			isa = PBXFrameworksBuildPhase;
			buildActionMask = 2147483647;
			files = (
				941980EEA775AAA456166C16 /* Pods_LottieTutorial.framework in Frameworks */,
			);
			runOnlyForDeploymentPostprocessing = 0;
		};
/* End PBXFrameworksBuildPhase section */

/* Begin PBXGroup section */
		1AAE885C28757B4D14B216CD /* Pods */ = {
			isa = PBXGroup;
			children = (
				FAEC09ABF3C701BBA43F4C20 /* Pods-LottieTutorial.debug.xcconfig */,
				A509F75517179B7B7D052141 /* Pods-LottieTutorial.release.xcconfig */,
			);
			name = Pods;
			sourceTree = "<group>";
		};
		2036111620582CBC0096F44A = {
			isa = PBXGroup;
			children = (
				2036112120582CBC0096F44A /* LottieTutorial */,
				2036112020582CBC0096F44A /* Products */,
				1AAE885C28757B4D14B216CD /* Pods */,
				87BAAEA128471B0AA9C50667 /* Frameworks */,
			);
			sourceTree = "<group>";
		};
		2036112020582CBC0096F44A /* Products */ = {
			isa = PBXGroup;
			children = (
				2036111F20582CBC0096F44A /* LottieTutorial.app */,
			);
			name = Products;
			sourceTree = "<group>";
		};
		2036112120582CBC0096F44A /* LottieTutorial */ = {
			isa = PBXGroup;
			children = (
				20361138205845B40096F44A /* lottieSample.json */,
				2036112220582CBC0096F44A /* AppDelegate.swift */,
				2036112420582CBC0096F44A /* ViewController.swift */,
				2036112620582CBC0096F44A /* Main.storyboard */,
				2036112920582CBC0096F44A /* Assets.xcassets */,
				2036112B20582CBC0096F44A /* LaunchScreen.storyboard */,
				2036112E20582CBC0096F44A /* Info.plist */,
			);
			path = LottieTutorial;
			sourceTree = "<group>";
		};
		87BAAEA128471B0AA9C50667 /* Frameworks */ = {
			isa = PBXGroup;
			children = (
				BFEFD9087B95325085AF86FC /* Pods_LottieTutorial.framework */,
			);
			name = Frameworks;
			sourceTree = "<group>";
		};
/* End PBXGroup section */

/* Begin PBXNativeTarget section */
		2036111E20582CBC0096F44A /* LottieTutorial */ = {
			isa = PBXNativeTarget;
			buildConfigurationList = 2036113120582CBC0096F44A /* Build configuration list for PBXNativeTarget "LottieTutorial" */;
			buildPhases = (
				BFC4C75B754BCEE0D719E1F9 /* [CP] Check Pods Manifest.lock */,
				2036111B20582CBC0096F44A /* Sources */,
				2036111C20582CBC0096F44A /* Frameworks */,
				2036111D20582CBC0096F44A /* Resources */,
				8CD50B5D653B3B4445FF0644 /* [CP] Embed Pods Frameworks */,
				29DAA3E97C48305C24DB92B1 /* [CP] Copy Pods Resources */,
			);
			buildRules = (
			);
			dependencies = (
			);
			name = LottieTutorial;
			productName = LottieTutorial;
			productReference = 2036111F20582CBC0096F44A /* LottieTutorial.app */;
			productType = "com.apple.product-type.application";
		};
/* End PBXNativeTarget section */

/* Begin PBXProject section */
		2036111720582CBC0096F44A /* Project object */ = {
			isa = PBXProject;
			attributes = {
				LastSwiftUpdateCheck = 0920;
				LastUpgradeCheck = 0920;
				ORGANIZATIONNAME = "Adrián Silva";
				TargetAttributes = {
					2036111E20582CBC0096F44A = {
						CreatedOnToolsVersion = 9.2;
						ProvisioningStyle = Automatic;
					};
				};
			};
			buildConfigurationList = 2036111A20582CBC0096F44A /* Build configuration list for PBXProject "LottieTutorial" */;
			compatibilityVersion = "Xcode 8.0";
			developmentRegion = en;
			hasScannedForEncodings = 0;
			knownRegions = (
				en,
				Base,
			);
			mainGroup = 2036111620582CBC0096F44A;
			productRefGroup = 2036112020582CBC0096F44A /* Products */;
			projectDirPath = "";
			projectRoot = "";
			targets = (
				2036111E20582CBC0096F44A /* LottieTutorial */,
			);
		};
/* End PBXProject section */

/* Begin PBXResourcesBuildPhase section */
		2036111D20582CBC0096F44A /* Resources */ = {
			isa = PBXResourcesBuildPhase;
			buildActionMask = 2147483647;
			files = (
				2036112D20582CBC0096F44A /* LaunchScreen.storyboard in Resources */,
				2036112A20582CBC0096F44A /* Assets.xcassets in Resources */,
				20361139205845B40096F44A /* lottieSample.json in Resources */,
				2036112820582CBC0096F44A /* Main.storyboard in Resources */,
			);
			runOnlyForDeploymentPostprocessing = 0;
		};
/* End PBXResourcesBuildPhase section */

/* Begin PBXShellScriptBuildPhase section */
		29DAA3E97C48305C24DB92B1 /* [CP] Copy Pods Resources */ = {
			isa = PBXShellScriptBuildPhase;
			buildActionMask = 2147483647;
			files = (
			);
			inputPaths = (
			);
			name = "[CP] Copy Pods Resources";
			outputPaths = (
			);
			runOnlyForDeploymentPostprocessing = 0;
			shellPath = /bin/sh;
			shellScript = "\"${SRCROOT}/Pods/Target Support Files/Pods-LottieTutorial/Pods-LottieTutorial-resources.sh\"\n";
			showEnvVarsInLog = 0;
		};
		8CD50B5D653B3B4445FF0644 /* [CP] Embed Pods Frameworks */ = {
			isa = PBXShellScriptBuildPhase;
			buildActionMask = 2147483647;
			files = (
			);
			inputPaths = (
				"${SRCROOT}/Pods/Target Support Files/Pods-LottieTutorial/Pods-LottieTutorial-frameworks.sh",
				"${BUILT_PRODUCTS_DIR}/lottie-ios/Lottie.framework",
			);
			name = "[CP] Embed Pods Frameworks";
			outputPaths = (
				"${TARGET_BUILD_DIR}/${FRAMEWORKS_FOLDER_PATH}/Lottie.framework",
			);
			runOnlyForDeploymentPostprocessing = 0;
			shellPath = /bin/sh;
			shellScript = "\"${SRCROOT}/Pods/Target Support Files/Pods-LottieTutorial/Pods-LottieTutorial-frameworks.sh\"\n";
			showEnvVarsInLog = 0;
		};
		BFC4C75B754BCEE0D719E1F9 /* [CP] Check Pods Manifest.lock */ = {
			isa = PBXShellScriptBuildPhase;
			buildActionMask = 2147483647;
			files = (
			);
			inputPaths = (
				"${PODS_PODFILE_DIR_PATH}/Podfile.lock",
				"${PODS_ROOT}/Manifest.lock",
			);
			name = "[CP] Check Pods Manifest.lock";
			outputPaths = (
				"$(DERIVED_FILE_DIR)/Pods-LottieTutorial-checkManifestLockResult.txt",
			);
			runOnlyForDeploymentPostprocessing = 0;
			shellPath = /bin/sh;
			shellScript = "diff \"${PODS_PODFILE_DIR_PATH}/Podfile.lock\" \"${PODS_ROOT}/Manifest.lock\" > /dev/null\nif [ $? != 0 ] ; then\n    # print error to STDERR\n    echo \"error: The sandbox is not in sync with the Podfile.lock. Run 'pod install' or update your CocoaPods installation.\" >&2\n    exit 1\nfi\n# This output is used by Xcode 'outputs' to avoid re-running this script phase.\necho \"SUCCESS\" > \"${SCRIPT_OUTPUT_FILE_0}\"\n";
			showEnvVarsInLog = 0;
		};
/* End PBXShellScriptBuildPhase section */

/* Begin PBXSourcesBuildPhase section */
		2036111B20582CBC0096F44A /* Sources */ = {
			isa = PBXSourcesBuildPhase;
			buildActionMask = 2147483647;
			files = (
				2036112520582CBC0096F44A /* ViewController.swift in Sources */,
				2036112320582CBC0096F44A /* AppDelegate.swift in Sources */,
			);
			runOnlyForDeploymentPostprocessing = 0;
		};
/* End PBXSourcesBuildPhase section */

/* Begin PBXVariantGroup section */
		2036112620582CBC0096F44A /* Main.storyboard */ = {
			isa = PBXVariantGroup;
			children = (
				2036112720582CBC0096F44A /* Base */,
			);
			name = Main.storyboard;
			sourceTree = "<group>";
		};
		2036112B20582CBC0096F44A /* LaunchScreen.storyboard */ = {
			isa = PBXVariantGroup;
			children = (
				2036112C20582CBC0096F44A /* Base */,
			);
			name = LaunchScreen.storyboard;
			sourceTree = "<group>";
		};
/* End PBXVariantGroup section */

/* Begin XCBuildConfiguration section */
		2036112F20582CBC0096F44A /* Debug */ = {
			isa = XCBuildConfiguration;
			buildSettings = {
				ALWAYS_SEARCH_USER_PATHS = NO;
				CLANG_ANALYZER_NONNULL = YES;
				CLANG_ANALYZER_NUMBER_OBJECT_CONVERSION = YES_AGGRESSIVE;
				CLANG_CXX_LANGUAGE_STANDARD = "gnu++14";
				CLANG_CXX_LIBRARY = "libc++";
				CLANG_ENABLE_MODULES = YES;
				CLANG_ENABLE_OBJC_ARC = YES;
				CLANG_WARN_BLOCK_CAPTURE_AUTORELEASING = YES;
				CLANG_WARN_BOOL_CONVERSION = YES;
				CLANG_WARN_COMMA = YES;
				CLANG_WARN_CONSTANT_CONVERSION = YES;
				CLANG_WARN_DIRECT_OBJC_ISA_USAGE = YES_ERROR;
				CLANG_WARN_DOCUMENTATION_COMMENTS = YES;
				CLANG_WARN_EMPTY_BODY = YES;
				CLANG_WARN_ENUM_CONVERSION = YES;
				CLANG_WARN_INFINITE_RECURSION = YES;
				CLANG_WARN_INT_CONVERSION = YES;
				CLANG_WARN_NON_LITERAL_NULL_CONVERSION = YES;
				CLANG_WARN_OBJC_LITERAL_CONVERSION = YES;
				CLANG_WARN_OBJC_ROOT_CLASS = YES_ERROR;
				CLANG_WARN_RANGE_LOOP_ANALYSIS = YES;
				CLANG_WARN_STRICT_PROTOTYPES = YES;
				CLANG_WARN_SUSPICIOUS_MOVE = YES;
				CLANG_WARN_UNGUARDED_AVAILABILITY = YES_AGGRESSIVE;
				CLANG_WARN_UNREACHABLE_CODE = YES;
				CLANG_WARN__DUPLICATE_METHOD_MATCH = YES;
				CODE_SIGN_IDENTITY = "iPhone Developer";
				COPY_PHASE_STRIP = NO;
				DEBUG_INFORMATION_FORMAT = dwarf;
				ENABLE_STRICT_OBJC_MSGSEND = YES;
				ENABLE_TESTABILITY = YES;
				GCC_C_LANGUAGE_STANDARD = gnu11;
				GCC_DYNAMIC_NO_PIC = NO;
				GCC_NO_COMMON_BLOCKS = YES;
				GCC_OPTIMIZATION_LEVEL = 0;
				GCC_PREPROCESSOR_DEFINITIONS = (
					"DEBUG=1",
					"$(inherited)",
				);
				GCC_WARN_64_TO_32_BIT_CONVERSION = YES;
				GCC_WARN_ABOUT_RETURN_TYPE = YES_ERROR;
				GCC_WARN_UNDECLARED_SELECTOR = YES;
				GCC_WARN_UNINITIALIZED_AUTOS = YES_AGGRESSIVE;
				GCC_WARN_UNUSED_FUNCTION = YES;
				GCC_WARN_UNUSED_VARIABLE = YES;
				IPHONEOS_DEPLOYMENT_TARGET = 11.2;
				MTL_ENABLE_DEBUG_INFO = YES;
				ONLY_ACTIVE_ARCH = YES;
				SDKROOT = iphoneos;
				SWIFT_ACTIVE_COMPILATION_CONDITIONS = DEBUG;
				SWIFT_OPTIMIZATION_LEVEL = "-Onone";
			};
			name = Debug;
		};
		2036113020582CBC0096F44A /* Release */ = {
			isa = XCBuildConfiguration;
			buildSettings = {
				ALWAYS_SEARCH_USER_PATHS = NO;
				CLANG_ANALYZER_NONNULL = YES;
				CLANG_ANALYZER_NUMBER_OBJECT_CONVERSION = YES_AGGRESSIVE;
				CLANG_CXX_LANGUAGE_STANDARD = "gnu++14";
				CLANG_CXX_LIBRARY = "libc++";
				CLANG_ENABLE_MODULES = YES;
				CLANG_ENABLE_OBJC_ARC = YES;
				CLANG_WARN_BLOCK_CAPTURE_AUTORELEASING = YES;
				CLANG_WARN_BOOL_CONVERSION = YES;
				CLANG_WARN_COMMA = YES;
				CLANG_WARN_CONSTANT_CONVERSION = YES;
				CLANG_WARN_DIRECT_OBJC_ISA_USAGE = YES_ERROR;
				CLANG_WARN_DOCUMENTATION_COMMENTS = YES;
				CLANG_WARN_EMPTY_BODY = YES;
				CLANG_WARN_ENUM_CONVERSION = YES;
				CLANG_WARN_INFINITE_RECURSION = YES;
				CLANG_WARN_INT_CONVERSION = YES;
				CLANG_WARN_NON_LITERAL_NULL_CONVERSION = YES;
				CLANG_WARN_OBJC_LITERAL_CONVERSION = YES;
				CLANG_WARN_OBJC_ROOT_CLASS = YES_ERROR;
				CLANG_WARN_RANGE_LOOP_ANALYSIS = YES;
				CLANG_WARN_STRICT_PROTOTYPES = YES;
				CLANG_WARN_SUSPICIOUS_MOVE = YES;
				CLANG_WARN_UNGUARDED_AVAILABILITY = YES_AGGRESSIVE;
				CLANG_WARN_UNREACHABLE_CODE = YES;
				CLANG_WARN__DUPLICATE_METHOD_MATCH = YES;
				CODE_SIGN_IDENTITY = "iPhone Developer";
				COPY_PHASE_STRIP = NO;
				DEBUG_INFORMATION_FORMAT = "dwarf-with-dsym";
				ENABLE_NS_ASSERTIONS = NO;
				ENABLE_STRICT_OBJC_MSGSEND = YES;
				GCC_C_LANGUAGE_STANDARD = gnu11;
				GCC_NO_COMMON_BLOCKS = YES;
				GCC_WARN_64_TO_32_BIT_CONVERSION = YES;
				GCC_WARN_ABOUT_RETURN_TYPE = YES_ERROR;
				GCC_WARN_UNDECLARED_SELECTOR = YES;
				GCC_WARN_UNINITIALIZED_AUTOS = YES_AGGRESSIVE;
				GCC_WARN_UNUSED_FUNCTION = YES;
				GCC_WARN_UNUSED_VARIABLE = YES;
				IPHONEOS_DEPLOYMENT_TARGET = 11.2;
				MTL_ENABLE_DEBUG_INFO = NO;
				SDKROOT = iphoneos;
				SWIFT_OPTIMIZATION_LEVEL = "-Owholemodule";
				VALIDATE_PRODUCT = YES;
			};
			name = Release;
		};
		2036113220582CBC0096F44A /* Debug */ = {
			isa = XCBuildConfiguration;
			baseConfigurationReference = FAEC09ABF3C701BBA43F4C20 /* Pods-LottieTutorial.debug.xcconfig */;
			buildSettings = {
				ASSETCATALOG_COMPILER_APPICON_NAME = AppIcon;
				CODE_SIGN_STYLE = Automatic;
				DEVELOPMENT_TEAM = 6SZ9MGTL76;
				INFOPLIST_FILE = LottieTutorial/Info.plist;
				LD_RUNPATH_SEARCH_PATHS = "$(inherited) @executable_path/Frameworks";
				PRODUCT_BUNDLE_IDENTIFIER = asilva.iOS.LottieTutorial;
				PRODUCT_NAME = "$(TARGET_NAME)";
				SWIFT_VERSION = 4.0;
				TARGETED_DEVICE_FAMILY = "1,2";
			};
			name = Debug;
		};
		2036113320582CBC0096F44A /* Release */ = {
			isa = XCBuildConfiguration;
			baseConfigurationReference = A509F75517179B7B7D052141 /* Pods-LottieTutorial.release.xcconfig */;
			buildSettings = {
				ASSETCATALOG_COMPILER_APPICON_NAME = AppIcon;
				CODE_SIGN_STYLE = Automatic;
				DEVELOPMENT_TEAM = 6SZ9MGTL76;
				INFOPLIST_FILE = LottieTutorial/Info.plist;
				LD_RUNPATH_SEARCH_PATHS = "$(inherited) @executable_path/Frameworks";
				PRODUCT_BUNDLE_IDENTIFIER = asilva.iOS.LottieTutorial;
				PRODUCT_NAME = "$(TARGET_NAME)";
				SWIFT_VERSION = 4.0;
				TARGETED_DEVICE_FAMILY = "1,2";
			};
			name = Release;
		};
/* End XCBuildConfiguration section */

/* Begin XCConfigurationList section */
		2036111A20582CBC0096F44A /* Build configuration list for PBXProject "LottieTutorial" */ = {
			isa = XCConfigurationList;
			buildConfigurations = (
				2036112F20582CBC0096F44A /* Debug */,
				2036113020582CBC0096F44A /* Release */,
			);
			defaultConfigurationIsVisible = 0;
			defaultConfigurationName = Release;
		};
		2036113120582CBC0096F44A /* Build configuration list for PBXNativeTarget "LottieTutorial" */ = {
			isa = XCConfigurationList;
			buildConfigurations = (
				2036113220582CBC0096F44A /* Debug */,
				2036113320582CBC0096F44A /* Release */,
			);
			defaultConfigurationIsVisible = 0;
			defaultConfigurationName = Release;
		};
/* End XCConfigurationList section */
	};
	rootObject = 2036111720582CBC0096F44A /* Project object */;
}
